// !$*UTF8*$!
{
	archiveVersion = 1;
	classes = {
	};
	objectVersion = 46;
	objects = {

/* Begin PBXBuildFile section */
		811546931DFF994C00927170 /* AppDelegate.swift in Sources */ = {isa = PBXBuildFile; fileRef = 811546921DFF994C00927170 /* AppDelegate.swift */; };
		8115469A1DFF994C00927170 /* Assets.xcassets in Resources */ = {isa = PBXBuildFile; fileRef = 811546991DFF994C00927170 /* Assets.xcassets */; };
		8115469D1DFF994C00927170 /* LaunchScreen.storyboard in Resources */ = {isa = PBXBuildFile; fileRef = 8115469B1DFF994C00927170 /* LaunchScreen.storyboard */; };
		811546A51DFF99F100927170 /* MasterTable.swift in Sources */ = {isa = PBXBuildFile; fileRef = 811546A41DFF99F100927170 /* MasterTable.swift */; };
		811546A71DFF9EFB00927170 /* Person.swift in Sources */ = {isa = PBXBuildFile; fileRef = 811546A61DFF9EFB00927170 /* Person.swift */; };
/* End PBXBuildFile section */

/* Begin PBXFileReference section */
		8115468F1DFF994C00927170 /* sectionIndexTitle.app */ = {isa = PBXFileReference; explicitFileType = wrapper.application; includeInIndex = 0; path = sectionIndexTitle.app; sourceTree = BUILT_PRODUCTS_DIR; };
		811546921DFF994C00927170 /* AppDelegate.swift */ = {isa = PBXFileReference; lastKnownFileType = sourcecode.swift; path = AppDelegate.swift; sourceTree = "<group>"; };
		811546991DFF994C00927170 /* Assets.xcassets */ = {isa = PBXFileReference; lastKnownFileType = folder.assetcatalog; path = Assets.xcassets; sourceTree = "<group>"; };
		8115469C1DFF994C00927170 /* Base */ = {isa = PBXFileReference; lastKnownFileType = file.storyboard; name = Base; path = Base.lproj/LaunchScreen.storyboard; sourceTree = "<group>"; };
		8115469E1DFF994C00927170 /* Info.plist */ = {isa = PBXFileReference; lastKnownFileType = text.plist.xml; path = Info.plist; sourceTree = "<group>"; };
		811546A41DFF99F100927170 /* MasterTable.swift */ = {isa = PBXFileReference; fileEncoding = 4; lastKnownFileType = sourcecode.swift; path = MasterTable.swift; sourceTree = "<group>"; };
		811546A61DFF9EFB00927170 /* Person.swift */ = {isa = PBXFileReference; fileEncoding = 4; lastKnownFileType = sourcecode.swift; path = Person.swift; sourceTree = "<group>"; };
/* End PBXFileReference section */

/* Begin PBXFrameworksBuildPhase section */
		8115468C1DFF994C00927170 /* Frameworks */ = {
			isa = PBXFrameworksBuildPhase;
			buildActionMask = 2147483647;
			files = (
			);
			runOnlyForDeploymentPostprocessing = 0;
		};
/* End PBXFrameworksBuildPhase section */

/* Begin PBXGroup section */
		811546861DFF994C00927170 = {
			isa = PBXGroup;
			children = (
				811546911DFF994C00927170 /* sectionIndexTitle */,
				811546901DFF994C00927170 /* Products */,
			);
			sourceTree = "<group>";
		};
		811546901DFF994C00927170 /* Products */ = {
			isa = PBXGroup;
			children = (
				8115468F1DFF994C00927170 /* sectionIndexTitle.app */,
			);
			name = Products;
			sourceTree = "<group>";
		};
		811546911DFF994C00927170 /* sectionIndexTitle */ = {
			isa = PBXGroup;
			children = (
				811546921DFF994C00927170 /* AppDelegate.swift */,
				811546A61DFF9EFB00927170 /* Person.swift */,
				811546A41DFF99F100927170 /* MasterTable.swift */,
				811546991DFF994C00927170 /* Assets.xcassets */,
				8115469B1DFF994C00927170 /* LaunchScreen.storyboard */,
				8115469E1DFF994C00927170 /* Info.plist */,
			);
			path = sectionIndexTitle;
			sourceTree = "<group>";
		};
/* End PBXGroup section */

/* Begin PBXNativeTarget section */
		8115468E1DFF994C00927170 /* sectionIndexTitle */ = {
			isa = PBXNativeTarget;
			buildConfigurationList = 811546A11DFF994C00927170 /* Build configuration list for PBXNativeTarget "sectionIndexTitle" */;
			buildPhases = (
				8115468B1DFF994C00927170 /* Sources */,
				8115468C1DFF994C00927170 /* Frameworks */,
				8115468D1DFF994C00927170 /* Resources */,
			);
			buildRules = (
			);
			dependencies = (
			);
			name = sectionIndexTitle;
			productName = sectionIndexTitle;
			productReference = 8115468F1DFF994C00927170 /* sectionIndexTitle.app */;
			productType = "com.apple.product-type.application";
		};
/* End PBXNativeTarget section */

/* Begin PBXProject section */
		811546871DFF994C00927170 /* Project object */ = {
			isa = PBXProject;
			attributes = {
				LastSwiftUpdateCheck = 0810;
				LastUpgradeCheck = 0810;
				ORGANIZATIONNAME = pnh;
				TargetAttributes = {
					8115468E1DFF994C00927170 = {
						CreatedOnToolsVersion = 8.1;
						DevelopmentTeam = LGTFHWXLRR;
						ProvisioningStyle = Automatic;
					};
				};
			};
			buildConfigurationList = 8115468A1DFF994C00927170 /* Build configuration list for PBXProject "sectionIndexTitle" */;
			compatibilityVersion = "Xcode 3.2";
			developmentRegion = English;
			hasScannedForEncodings = 0;
			knownRegions = (
				en,
				Base,
			);
			mainGroup = 811546861DFF994C00927170;
			productRefGroup = 811546901DFF994C00927170 /* Products */;
			projectDirPath = "";
			projectRoot = "";
			targets = (
				8115468E1DFF994C00927170 /* sectionIndexTitle */,
			);
		};
/* End PBXProject section */

/* Begin PBXResourcesBuildPhase section */
		8115468D1DFF994C00927170 /* Resources */ = {
			isa = PBXResourcesBuildPhase;
			buildActionMask = 2147483647;
			files = (
				8115469D1DFF994C00927170 /* LaunchScreen.storyboard in Resources */,
				8115469A1DFF994C00927170 /* Assets.xcassets in Resources */,
			);
			runOnlyForDeploymentPostprocessing = 0;
		};
/* End PBXResourcesBuildPhase section */

/* Begin PBXSourcesBuildPhase section */
		8115468B1DFF994C00927170 /* Sources */ = {
			isa = PBXSourcesBuildPhase;
			buildActionMask = 2147483647;
			files = (
				811546A71DFF9EFB00927170 /* Person.swift in Sources */,
				811546A51DFF99F100927170 /* MasterTable.swift in Sources */,
				811546931DFF994C00927170 /* AppDelegate.swift in Sources */,
			);
			runOnlyForDeploymentPostprocessing = 0;
		};
/* End PBXSourcesBuildPhase section */

/* Begin PBXVariantGroup section */
		8115469B1DFF994C00927170 /* LaunchScreen.storyboard */ = {
			isa = PBXVariantGroup;
			children = (
				8115469C1DFF994C00927170 /* Base */,
			);
			name = LaunchScreen.storyboard;
			sourceTree = "<group>";
		};
/* End PBXVariantGroup section */

/* Begin XCBuildConfiguration section */
		8115469F1DFF994C00927170 /* Debug */ = {
			isa = XCBuildConfiguration;
			buildSettings = {
				ALWAYS_SEARCH_USER_PATHS = NO;
				CLANG_ANALYZER_NONNULL = YES;
				CLANG_CXX_LANGUAGE_STANDARD = "gnu++0x";
				CLANG_CXX_LIBRARY = "libc++";
				CLANG_ENABLE_MODULES = YES;
				CLANG_ENABLE_OBJC_ARC = YES;
				CLANG_WARN_BOOL_CONVERSION = YES;
				CLANG_WARN_CONSTANT_CONVERSION = YES;
				CLANG_WARN_DIRECT_OBJC_ISA_USAGE = YES_ERROR;
				CLANG_WARN_DOCUMENTATION_COMMENTS = YES;
				CLANG_WARN_EMPTY_BODY = YES;
				CLANG_WARN_ENUM_CONVERSION = YES;
				CLANG_WARN_INFINITE_RECURSION = YES;
				CLANG_WARN_INT_CONVERSION = YES;
				CLANG_WARN_OBJC_ROOT_CLASS = YES_ERROR;
				CLANG_WARN_SUSPICIOUS_MOVES = YES;
				CLANG_WARN_UNREACHABLE_CODE = YES;
				CLANG_WARN__DUPLICATE_METHOD_MATCH = YES;
				"CODE_SIGN_IDENTITY[sdk=iphoneos*]" = "iPhone Developer";
				COPY_PHASE_STRIP = NO;
				DEBUG_INFORMATION_FORMAT = dwarf;
				ENABLE_STRICT_OBJC_MSGSEND = YES;
				ENABLE_TESTABILITY = YES;
				GCC_C_LANGUAGE_STANDARD = gnu99;
				GCC_DYNAMIC_NO_PIC = NO;
				GCC_NO_COMMON_BLOCKS = YES;
				GCC_OPTIMIZATION_LEVEL = 0;
				GCC_PREPROCESSOR_DEFINITIONS = (
					"DEBUG=1",
					"$(inherited)",
				);
				GCC_WARN_64_TO_32_BIT_CONVERSION = YES;
				GCC_WARN_ABOUT_RETURN_TYPE = YES_ERROR;
				GCC_WARN_UNDECLARED_SELECTOR = YES;
				GCC_WARN_UNINITIALIZED_AUTOS = YES_AGGRESSIVE;
				GCC_WARN_UNUSED_FUNCTION = YES;
				GCC_WARN_UNUSED_VARIABLE = YES;
				IPHONEOS_DEPLOYMENT_TARGET = 10.1;
				MTL_ENABLE_DEBUG_INFO = YES;
				ONLY_ACTIVE_ARCH = YES;
				SDKROOT = iphoneos;
				SWIFT_ACTIVE_COMPILATION_CONDITIONS = DEBUG;
				SWIFT_OPTIMIZATION_LEVEL = "-Onone";
				TARGETED_DEVICE_FAMILY = "1,2";
			};
			name = Debug;
		};
		811546A01DFF994C00927170 /* Release */ = {
			isa = XCBuildConfiguration;
			buildSettings = {
				ALWAYS_SEARCH_USER_PATHS = NO;
				CLANG_ANALYZER_NONNULL = YES;
				CLANG_CXX_LANGUAGE_STANDARD = "gnu++0x";
				CLANG_CXX_LIBRARY = "libc++";
				CLANG_ENABLE_MODULES = YES;
				CLANG_ENABLE_OBJC_ARC = YES;
				CLANG_WARN_BOOL_CONVERSION = YES;
				CLANG_WARN_CONSTANT_CONVERSION = YES;
				CLANG_WARN_DIRECT_OBJC_ISA_USAGE = YES_ERROR;
				CLANG_WARN_DOCUMENTATION_COMMENTS = YES;
				CLANG_WARN_EMPTY_BODY = YES;
				CLANG_WARN_ENUM_CONVERSION = YES;
				CLANG_WARN_INFINITE_RECURSION = YES;
				CLANG_WARN_INT_CONVERSION = YES;
				CLANG_WARN_OBJC_ROOT_CLASS = YES_ERROR;
				CLANG_WARN_SUSPICIOUS_MOVES = YES;
				CLANG_WARN_UNREACHABLE_CODE = YES;
				CLANG_WARN__DUPLICATE_METHOD_MATCH = YES;
				"CODE_SIGN_IDENTITY[sdk=iphoneos*]" = "iPhone Developer";
				COPY_PHASE_STRIP = NO;
				DEBUG_INFORMATION_FORMAT = "dwarf-with-dsym";
				ENABLE_NS_ASSERTIONS = NO;
				ENABLE_STRICT_OBJC_MSGSEND = YES;
				GCC_C_LANGUAGE_STANDARD = gnu99;
				GCC_NO_COMMON_BLOCKS = YES;
				GCC_WARN_64_TO_32_BIT_CONVERSION = YES;
				GCC_WARN_ABOUT_RETURN_TYPE = YES_ERROR;
				GCC_WARN_UNDECLARED_SELECTOR = YES;
				GCC_WARN_UNINITIALIZED_AUTOS = YES_AGGRESSIVE;
				GCC_WARN_UNUSED_FUNCTION = YES;
				GCC_WARN_UNUSED_VARIABLE = YES;
				IPHONEOS_DEPLOYMENT_TARGET = 10.1;
				MTL_ENABLE_DEBUG_INFO = NO;
				SDKROOT = iphoneos;
				SWIFT_OPTIMIZATION_LEVEL = "-Owholemodule";
				TARGETED_DEVICE_FAMILY = "1,2";
				VALIDATE_PRODUCT = YES;
			};
			name = Release;
		};
		811546A21DFF994C00927170 /* Debug */ = {
			isa = XCBuildConfiguration;
			buildSettings = {
				ASSETCATALOG_COMPILER_APPICON_NAME = AppIcon;
				DEVELOPMENT_TEAM = LGTFHWXLRR;
				INFOPLIST_FILE = sectionIndexTitle/Info.plist;
				LD_RUNPATH_SEARCH_PATHS = "$(inherited) @executable_path/Frameworks";
				PRODUCT_BUNDLE_IDENTIFIER = com.pnh.sectionIndexTitle;
				PRODUCT_NAME = "$(TARGET_NAME)";
				SWIFT_VERSION = 3.0;
			};
			name = Debug;
		};
		811546A31DFF994C00927170 /* Release */ = {
			isa = XCBuildConfiguration;
			buildSettings = {
				ASSETCATALOG_COMPILER_APPICON_NAME = AppIcon;
				DEVELOPMENT_TEAM = LGTFHWXLRR;
				INFOPLIST_FILE = sectionIndexTitle/Info.plist;
				LD_RUNPATH_SEARCH_PATHS = "$(inherited) @executable_path/Frameworks";
				PRODUCT_BUNDLE_IDENTIFIER = com.pnh.sectionIndexTitle;
				PRODUCT_NAME = "$(TARGET_NAME)";
				SWIFT_VERSION = 3.0;
			};
			name = Release;
		};
/* End XCBuildConfiguration section */

/* Begin XCConfigurationList section */
		8115468A1DFF994C00927170 /* Build configuration list for PBXProject "sectionIndexTitle" */ = {
			isa = XCConfigurationList;
			buildConfigurations = (
				8115469F1DFF994C00927170 /* Debug */,
				811546A01DFF994C00927170 /* Release */,
			);
			defaultConfigurationIsVisible = 0;
			defaultConfigurationName = Release;
		};
		811546A11DFF994C00927170 /* Build configuration list for PBXNativeTarget "sectionIndexTitle" */ = {
			isa = XCConfigurationList;
			buildConfigurations = (
				811546A21DFF994C00927170 /* Debug */,
				811546A31DFF994C00927170 /* Release */,
			);
			defaultConfigurationIsVisible = 0;
		};
/* End XCConfigurationList section */
	};
	rootObject = 811546871DFF994C00927170 /* Project object */;
}
